
Microsoft Visual Studio Solution File, Format Version 12.00
# Visual Studio Version 17
VisualStudioVersion = 17.14.36202.13 d17.14
MinimumVisualStudioVersion = 10.0.40219.1
Project("{FAE04EC0-301F-11D3-BF4B-00C04F79EFBC}") = "OrbColors", "src\OrbColors\OrbColors.csproj", "{0E609DAA-AB56-4E46-99CF-B7122D27A5C9}"
EndProject
Global
	GlobalSection(SolutionConfigurationPlatforms) = preSolution
		Debug|Any CPU = Debug|Any CPU
		Release|Any CPU = Release|Any CPU
	EndGlobalSection
	GlobalSection(ProjectConfigurationPlatforms) = postSolution
		{0E609DAA-AB56-4E46-99CF-B7122D27A5C9}.Debug|Any CPU.ActiveCfg = Debug|Any CPU
		{0E609DAA-AB56-4E46-99CF-B7122D27A5C9}.Debug|Any CPU.Build.0 = Debug|Any CPU
		{0E609DAA-AB56-4E46-99CF-B7122D27A5C9}.Release|Any CPU.ActiveCfg = Release|Any CPU
		{0E609DAA-AB56-4E46-99CF-B7122D27A5C9}.Release|Any CPU.Build.0 = Release|Any CPU
	EndGlobalSection
	GlobalSection(SolutionProperties) = preSolution
		HideSolutionNode = FALSE
	EndGlobalSection
	GlobalSection(ExtensibilityGlobals) = postSolution
		SolutionGuid = {7FBC45A7-50FE-4130-B49D-1104DE19C171}
	EndGlobalSection
EndGlobal
